PODS:
  - AWSCore (2.9.3)
  - AWSS3 (2.9.3):
    - AWSCore (= 2.9.3)
  - DataCompression (3.0.0)
  - Godzippa (2.1.1)
  - RootTripTracker (20200309.0):
    - AWSS3 (= 2.9.3)
    - DataCompression (= 3.0.0)
    - Godzippa (= 2.1.1)
    - SQLite.swift (= 0.12.2)
  - SQLite.swift (0.12.2):
    - SQLite.swift/standard (= 0.12.2)
  - SQLite.swift/standard (0.12.2)

DEPENDENCIES:
  - RootTripTracker (= 20200309.0)

SPEC REPOS:
  "git@github.com:Root-App/drive-science-pod-specs.git":
    - RootTripTracker
  https://github.com/CocoaPods/Specs.git:
    - AWSCore
    - AWSS3
    - DataCompression
    - Godzippa
    - SQLite.swift

SPEC CHECKSUMS:
  AWSCore: 5cbb6c6ccfad4b55e494c2e8df87781512f7881e
  AWSS3: f016dddb6de858f0cc328d4e10a551299a66a3bb
  DataCompression: 4df426340ccbf53851df71dd652bd80d0ea47eb7
  Godzippa: f438af100364a775ef0707d29ab152c356375fbf
  RootTripTracker: 2bf3d97453f27e5d8c0e18555e1d52745214c29b
  SQLite.swift: d2b4642190917051ce6bd1d49aab565fe794eea3

PODFILE CHECKSUM: 10ca9b573975f70df442f64c1ccea6e7542a79b4

COCOAPODS: 1.8.4
