// !$*UTF8*$!
{
	archiveVersion = 1;
	classes = {
	};
	objectVersion = 51;
	objects = {

/* Begin PBXBuildFile section */
		1B0F6BEB2326DBA600DEDFB1 /* ViewController.swift in Sources */ = {isa = PBXBuildFile; fileRef = 1B0F6BEA2326DBA600DEDFB1 /* ViewController.swift */; };
		1B0F6BEE2326DBA600DEDFB1 /* Main.storyboard in Resources */ = {isa = PBXBuildFile; fileRef = 1B0F6BEC2326DBA600DEDFB1 /* Main.storyboard */; };
		1B0F6BF02326DBA700DEDFB1 /* Assets.xcassets in Resources */ = {isa = PBXBuildFile; fileRef = 1B0F6BEF2326DBA700DEDFB1 /* Assets.xcassets */; };
		1B0F6BF32326DBA700DEDFB1 /* LaunchScreen.storyboard in Resources */ = {isa = PBXBuildFile; fileRef = 1B0F6BF12326DBA700DEDFB1 /* LaunchScreen.storyboard */; };
		1B0F6BFE2326DBA700DEDFB1 /* root_drive_science_iosTests.swift in Sources */ = {isa = PBXBuildFile; fileRef = 1B0F6BFD2326DBA700DEDFB1 /* root_drive_science_iosTests.swift */; };
		4876AA09243BC80800FD5391 /* UILabel+Copy.swift in Sources */ = {isa = PBXBuildFile; fileRef = 4876AA08243BC80800FD5391 /* UILabel+Copy.swift */; };
		4876AA0A243BC80800FD5391 /* UILabel+Copy.swift in Sources */ = {isa = PBXBuildFile; fileRef = 4876AA08243BC80800FD5391 /* UILabel+Copy.swift */; };
		4876AA0C243CD7EA00FD5391 /* DriverStatusField.swift in Sources */ = {isa = PBXBuildFile; fileRef = 4876AA0B243CD7EA00FD5391 /* DriverStatusField.swift */; };
		4876AA0D243CD7EA00FD5391 /* DriverStatusField.swift in Sources */ = {isa = PBXBuildFile; fileRef = 4876AA0B243CD7EA00FD5391 /* DriverStatusField.swift */; };
		48C32E1023E87F2500D68F88 /* ViewController+TripTrackerDelegates.swift in Sources */ = {isa = PBXBuildFile; fileRef = 48C32E0F23E87F2500D68F88 /* ViewController+TripTrackerDelegates.swift */; };
		5A7988D024102ECB00584C3B /* AppDelegate.swift in Sources */ = {isa = PBXBuildFile; fileRef = 1B0F6BE82326DBA600DEDFB1 /* AppDelegate.swift */; };
		5AC3BE7C233CFB6C0006AFC5 /* UserStore.xcdatamodeld in Sources */ = {isa = PBXBuildFile; fileRef = 5AC3BE7A233CFB6C0006AFC5 /* UserStore.xcdatamodeld */; };
		5AC3BE7E233D05440006AFC5 /* TelematicsManager.swift in Sources */ = {isa = PBXBuildFile; fileRef = 5AC3BE7D233D05440006AFC5 /* TelematicsManager.swift */; };
		5AE34A9123391AAD00230546 /* notification_name_extensions.swift in Sources */ = {isa = PBXBuildFile; fileRef = 5AE34A9023391AAD00230546 /* notification_name_extensions.swift */; };
		AB3F231C9A53080B6C2849B7 /* Pods_root_drive_science_ios.framework in Frameworks */ = {isa = PBXBuildFile; fileRef = 333303D42C9A5E7602836731 /* Pods_root_drive_science_ios.framework */; };
		B4279CDD251CF86D0053A7FA /* LogMessages.xcdatamodeld in Sources */ = {isa = PBXBuildFile; fileRef = B4279CDB251CF86D0053A7FA /* LogMessages.xcdatamodeld */; };
		B43CD194251D46C00069C271 /* LogMessage+CoreDataClass.swift in Sources */ = {isa = PBXBuildFile; fileRef = B43CD192251D46C00069C271 /* LogMessage+CoreDataClass.swift */; };
		B43CD195251D46C00069C271 /* LogMessage+CoreDataProperties.swift in Sources */ = {isa = PBXBuildFile; fileRef = B43CD193251D46C00069C271 /* LogMessage+CoreDataProperties.swift */; };
		CB2BF305B8496B9D51A17B81 /* Pods_root_drive_science_iosTests.framework in Frameworks */ = {isa = PBXBuildFile; fileRef = E624ADF149C0E1F3B5E22320 /* Pods_root_drive_science_iosTests.framework */; };
/* End PBXBuildFile section */

/* Begin PBXContainerItemProxy section */
		1B0F6BFA2326DBA700DEDFB1 /* PBXContainerItemProxy */ = {
			isa = PBXContainerItemProxy;
			containerPortal = 1B0F6BDD2326DBA600DEDFB1 /* Project object */;
			proxyType = 1;
			remoteGlobalIDString = 1B0F6BE42326DBA600DEDFB1;
			remoteInfo = "root-drive-science-ios";
		};
/* End PBXContainerItemProxy section */

/* Begin PBXFileReference section */
		13B2E9B44773E33E97E708BF /* Pods-root-drive-science-iosTests.release.xcconfig */ = {isa = PBXFileReference; includeInIndex = 1; lastKnownFileType = text.xcconfig; name = "Pods-root-drive-science-iosTests.release.xcconfig"; path = "Target Support Files/Pods-root-drive-science-iosTests/Pods-root-drive-science-iosTests.release.xcconfig"; sourceTree = "<group>"; };
		1B0F6BE52326DBA600DEDFB1 /* root-drive-science-ios.app */ = {isa = PBXFileReference; explicitFileType = wrapper.application; includeInIndex = 0; path = "root-drive-science-ios.app"; sourceTree = BUILT_PRODUCTS_DIR; };
		1B0F6BE82326DBA600DEDFB1 /* AppDelegate.swift */ = {isa = PBXFileReference; lastKnownFileType = sourcecode.swift; path = AppDelegate.swift; sourceTree = "<group>"; };
		1B0F6BEA2326DBA600DEDFB1 /* ViewController.swift */ = {isa = PBXFileReference; lastKnownFileType = sourcecode.swift; path = ViewController.swift; sourceTree = "<group>"; };
		1B0F6BED2326DBA600DEDFB1 /* Base */ = {isa = PBXFileReference; lastKnownFileType = file.storyboard; name = Base; path = Base.lproj/Main.storyboard; sourceTree = "<group>"; };
		1B0F6BEF2326DBA700DEDFB1 /* Assets.xcassets */ = {isa = PBXFileReference; lastKnownFileType = folder.assetcatalog; path = Assets.xcassets; sourceTree = "<group>"; };
		1B0F6BF22326DBA700DEDFB1 /* Base */ = {isa = PBXFileReference; lastKnownFileType = file.storyboard; name = Base; path = Base.lproj/LaunchScreen.storyboard; sourceTree = "<group>"; };
		1B0F6BF42326DBA700DEDFB1 /* Info.plist */ = {isa = PBXFileReference; lastKnownFileType = text.plist.xml; path = Info.plist; sourceTree = "<group>"; };
		1B0F6BF92326DBA700DEDFB1 /* root-drive-science-iosTests.xctest */ = {isa = PBXFileReference; explicitFileType = wrapper.cfbundle; includeInIndex = 0; path = "root-drive-science-iosTests.xctest"; sourceTree = BUILT_PRODUCTS_DIR; };
		1B0F6BFD2326DBA700DEDFB1 /* root_drive_science_iosTests.swift */ = {isa = PBXFileReference; lastKnownFileType = sourcecode.swift; path = root_drive_science_iosTests.swift; sourceTree = "<group>"; };
		1B0F6BFF2326DBA700DEDFB1 /* Info.plist */ = {isa = PBXFileReference; lastKnownFileType = text.plist.xml; path = Info.plist; sourceTree = "<group>"; };
		2D5656562E20A94CA12FA1F9 /* Pods-root-drive-science-ios.release.xcconfig */ = {isa = PBXFileReference; includeInIndex = 1; lastKnownFileType = text.xcconfig; name = "Pods-root-drive-science-ios.release.xcconfig"; path = "Target Support Files/Pods-root-drive-science-ios/Pods-root-drive-science-ios.release.xcconfig"; sourceTree = "<group>"; };
		333303D42C9A5E7602836731 /* Pods_root_drive_science_ios.framework */ = {isa = PBXFileReference; explicitFileType = wrapper.framework; includeInIndex = 0; path = Pods_root_drive_science_ios.framework; sourceTree = BUILT_PRODUCTS_DIR; };
		416EC7BA96A435F14861A246 /* Pods-root-drive-science-iosTests.debug.xcconfig */ = {isa = PBXFileReference; includeInIndex = 1; lastKnownFileType = text.xcconfig; name = "Pods-root-drive-science-iosTests.debug.xcconfig"; path = "Target Support Files/Pods-root-drive-science-iosTests/Pods-root-drive-science-iosTests.debug.xcconfig"; sourceTree = "<group>"; };
		4876AA08243BC80800FD5391 /* UILabel+Copy.swift */ = {isa = PBXFileReference; lastKnownFileType = sourcecode.swift; path = "UILabel+Copy.swift"; sourceTree = "<group>"; };
		4876AA0B243CD7EA00FD5391 /* DriverStatusField.swift */ = {isa = PBXFileReference; lastKnownFileType = sourcecode.swift; path = DriverStatusField.swift; sourceTree = "<group>"; };
		48C32E0F23E87F2500D68F88 /* ViewController+TripTrackerDelegates.swift */ = {isa = PBXFileReference; lastKnownFileType = sourcecode.swift; path = "ViewController+TripTrackerDelegates.swift"; sourceTree = "<group>"; };
		5A2C667B2344F585002C8CFF /* UserStore 2.xcdatamodel */ = {isa = PBXFileReference; lastKnownFileType = wrapper.xcdatamodel; path = "UserStore 2.xcdatamodel"; sourceTree = "<group>"; };
		5AC3BE7B233CFB6C0006AFC5 /* UserStore.xcdatamodel */ = {isa = PBXFileReference; lastKnownFileType = wrapper.xcdatamodel; path = UserStore.xcdatamodel; sourceTree = "<group>"; };
		5AC3BE7D233D05440006AFC5 /* TelematicsManager.swift */ = {isa = PBXFileReference; lastKnownFileType = sourcecode.swift; path = TelematicsManager.swift; sourceTree = "<group>"; };
		5AE34A9023391AAD00230546 /* notification_name_extensions.swift */ = {isa = PBXFileReference; lastKnownFileType = sourcecode.swift; path = notification_name_extensions.swift; sourceTree = "<group>"; };
		5AE34A922339477B00230546 /* README.md */ = {isa = PBXFileReference; lastKnownFileType = net.daringfireball.markdown; path = README.md; sourceTree = "<group>"; };
		87ACD7BAE6C476EBE50131A8 /* Pods-root-drive-science-ios.debug.xcconfig */ = {isa = PBXFileReference; includeInIndex = 1; lastKnownFileType = text.xcconfig; name = "Pods-root-drive-science-ios.debug.xcconfig"; path = "Target Support Files/Pods-root-drive-science-ios/Pods-root-drive-science-ios.debug.xcconfig"; sourceTree = "<group>"; };
		B4279CDC251CF86D0053A7FA /* LogMessages.xcdatamodel */ = {isa = PBXFileReference; lastKnownFileType = wrapper.xcdatamodel; path = LogMessages.xcdatamodel; sourceTree = "<group>"; };
		B43CD192251D46C00069C271 /* LogMessage+CoreDataClass.swift */ = {isa = PBXFileReference; lastKnownFileType = sourcecode.swift; path = "LogMessage+CoreDataClass.swift"; sourceTree = "<group>"; };
		B43CD193251D46C00069C271 /* LogMessage+CoreDataProperties.swift */ = {isa = PBXFileReference; lastKnownFileType = sourcecode.swift; path = "LogMessage+CoreDataProperties.swift"; sourceTree = "<group>"; };
		E624ADF149C0E1F3B5E22320 /* Pods_root_drive_science_iosTests.framework */ = {isa = PBXFileReference; explicitFileType = wrapper.framework; includeInIndex = 0; path = Pods_root_drive_science_iosTests.framework; sourceTree = BUILT_PRODUCTS_DIR; };
/* End PBXFileReference section */

/* Begin PBXFrameworksBuildPhase section */
		1B0F6BE22326DBA600DEDFB1 /* Frameworks */ = {
			isa = PBXFrameworksBuildPhase;
			buildActionMask = 2147483647;
			files = (
				AB3F231C9A53080B6C2849B7 /* Pods_root_drive_science_ios.framework in Frameworks */,
			);
			runOnlyForDeploymentPostprocessing = 0;
		};
		1B0F6BF62326DBA700DEDFB1 /* Frameworks */ = {
			isa = PBXFrameworksBuildPhase;
			buildActionMask = 2147483647;
			files = (
				CB2BF305B8496B9D51A17B81 /* Pods_root_drive_science_iosTests.framework in Frameworks */,
			);
			runOnlyForDeploymentPostprocessing = 0;
		};
/* End PBXFrameworksBuildPhase section */

/* Begin PBXGroup section */
		1B0F6BDC2326DBA600DEDFB1 = {
			isa = PBXGroup;
			children = (
				AA0EF9B1A9683CAB5386EDD8 /* Frameworks */,
				B7490396415A84923535CC17 /* Pods */,
				1B0F6BE62326DBA600DEDFB1 /* Products */,
				1B0F6BE72326DBA600DEDFB1 /* root-drive-science-ios */,
				1B0F6BFC2326DBA700DEDFB1 /* root-drive-science-iosTests */,
				5AE34A922339477B00230546 /* README.md */,
				5AC3BE7A233CFB6C0006AFC5 /* UserStore.xcdatamodeld */,
			);
			sourceTree = "<group>";
		};
		1B0F6BE62326DBA600DEDFB1 /* Products */ = {
			isa = PBXGroup;
			children = (
				1B0F6BE52326DBA600DEDFB1 /* root-drive-science-ios.app */,
				1B0F6BF92326DBA700DEDFB1 /* root-drive-science-iosTests.xctest */,
			);
			name = Products;
			sourceTree = "<group>";
		};
		1B0F6BE72326DBA600DEDFB1 /* root-drive-science-ios */ = {
			isa = PBXGroup;
			children = (
				4876AA07243BC7CF00FD5391 /* View */,
				1B0F6BE82326DBA600DEDFB1 /* AppDelegate.swift */,
				1B0F6BEF2326DBA700DEDFB1 /* Assets.xcassets */,
				1B0F6BF42326DBA700DEDFB1 /* Info.plist */,
				1B0F6BF12326DBA700DEDFB1 /* LaunchScreen.storyboard */,
				B43CD192251D46C00069C271 /* LogMessage+CoreDataClass.swift */,
				B43CD193251D46C00069C271 /* LogMessage+CoreDataProperties.swift */,
				B4279CDB251CF86D0053A7FA /* LogMessages.xcdatamodeld */,
				1B0F6BEC2326DBA600DEDFB1 /* Main.storyboard */,
				5AC3BE7D233D05440006AFC5 /* TelematicsManager.swift */,
				48C32E0F23E87F2500D68F88 /* ViewController+TripTrackerDelegates.swift */,
				1B0F6BEA2326DBA600DEDFB1 /* ViewController.swift */,
				5AE34A9023391AAD00230546 /* notification_name_extensions.swift */,
			);
			path = "root-drive-science-ios";
			sourceTree = "<group>";
		};
		1B0F6BFC2326DBA700DEDFB1 /* root-drive-science-iosTests */ = {
			isa = PBXGroup;
			children = (
				1B0F6BFF2326DBA700DEDFB1 /* Info.plist */,
				1B0F6BFD2326DBA700DEDFB1 /* root_drive_science_iosTests.swift */,
			);
			path = "root-drive-science-iosTests";
			sourceTree = "<group>";
		};
		4876AA07243BC7CF00FD5391 /* View */ = {
			isa = PBXGroup;
			children = (
				4876AA0B243CD7EA00FD5391 /* DriverStatusField.swift */,
				4876AA08243BC80800FD5391 /* UILabel+Copy.swift */,
			);
			path = View;
			sourceTree = "<group>";
		};
		AA0EF9B1A9683CAB5386EDD8 /* Frameworks */ = {
			isa = PBXGroup;
			children = (
				333303D42C9A5E7602836731 /* Pods_root_drive_science_ios.framework */,
				E624ADF149C0E1F3B5E22320 /* Pods_root_drive_science_iosTests.framework */,
			);
			name = Frameworks;
			sourceTree = "<group>";
		};
		B7490396415A84923535CC17 /* Pods */ = {
			isa = PBXGroup;
			children = (
				87ACD7BAE6C476EBE50131A8 /* Pods-root-drive-science-ios.debug.xcconfig */,
				2D5656562E20A94CA12FA1F9 /* Pods-root-drive-science-ios.release.xcconfig */,
				416EC7BA96A435F14861A246 /* Pods-root-drive-science-iosTests.debug.xcconfig */,
				13B2E9B44773E33E97E708BF /* Pods-root-drive-science-iosTests.release.xcconfig */,
			);
			path = Pods;
			sourceTree = "<group>";
		};
/* End PBXGroup section */

/* Begin PBXNativeTarget section */
		1B0F6BE42326DBA600DEDFB1 /* root-drive-science-ios */ = {
			isa = PBXNativeTarget;
			buildConfigurationList = 1B0F6C022326DBA700DEDFB1 /* Build configuration list for PBXNativeTarget "root-drive-science-ios" */;
			buildPhases = (
				C65500084A2974E59C6A74C9 /* [CP] Check Pods Manifest.lock */,
				1B0F6BE12326DBA600DEDFB1 /* Sources */,
				1B0F6BE22326DBA600DEDFB1 /* Frameworks */,
				1B0F6BE32326DBA600DEDFB1 /* Resources */,
				9FB44ECB7079B1B30446EC6A /* [CP] Embed Pods Frameworks */,
			);
			buildRules = (
			);
			dependencies = (
			);
			name = "root-drive-science-ios";
			productName = "root-drive-science-ios";
			productReference = 1B0F6BE52326DBA600DEDFB1 /* root-drive-science-ios.app */;
			productType = "com.apple.product-type.application";
		};
		1B0F6BF82326DBA700DEDFB1 /* root-drive-science-iosTests */ = {
			isa = PBXNativeTarget;
			buildConfigurationList = 1B0F6C052326DBA700DEDFB1 /* Build configuration list for PBXNativeTarget "root-drive-science-iosTests" */;
			buildPhases = (
				EBB272537741F40954B84BCE /* [CP] Check Pods Manifest.lock */,
				1B0F6BF52326DBA700DEDFB1 /* Sources */,
				1B0F6BF62326DBA700DEDFB1 /* Frameworks */,
				1B0F6BF72326DBA700DEDFB1 /* Resources */,
			);
			buildRules = (
			);
			dependencies = (
				1B0F6BFB2326DBA700DEDFB1 /* PBXTargetDependency */,
			);
			name = "root-drive-science-iosTests";
			productName = "root-drive-science-iosTests";
			productReference = 1B0F6BF92326DBA700DEDFB1 /* root-drive-science-iosTests.xctest */;
			productType = "com.apple.product-type.bundle.unit-test";
		};
/* End PBXNativeTarget section */

/* Begin PBXProject section */
		1B0F6BDD2326DBA600DEDFB1 /* Project object */ = {
			isa = PBXProject;
			attributes = {
				LastSwiftUpdateCheck = 1030;
				LastUpgradeCheck = 1030;
				ORGANIZATIONNAME = Root;
				TargetAttributes = {
					1B0F6BE42326DBA600DEDFB1 = {
						CreatedOnToolsVersion = 10.3;
						SystemCapabilities = {
							com.apple.BackgroundModes = {
								enabled = 1;
							};
						};
					};
					1B0F6BF82326DBA700DEDFB1 = {
						CreatedOnToolsVersion = 10.3;
						TestTargetID = 1B0F6BE42326DBA600DEDFB1;
					};
				};
			};
			buildConfigurationList = 1B0F6BE02326DBA600DEDFB1 /* Build configuration list for PBXProject "root-drive-science-ios" */;
			compatibilityVersion = "Xcode 9.3";
			developmentRegion = en;
			hasScannedForEncodings = 0;
			knownRegions = (
				en,
				Base,
			);
			mainGroup = 1B0F6BDC2326DBA600DEDFB1;
			productRefGroup = 1B0F6BE62326DBA600DEDFB1 /* Products */;
			projectDirPath = "";
			projectRoot = "";
			targets = (
				1B0F6BE42326DBA600DEDFB1 /* root-drive-science-ios */,
				1B0F6BF82326DBA700DEDFB1 /* root-drive-science-iosTests */,
			);
		};
/* End PBXProject section */

/* Begin PBXResourcesBuildPhase section */
		1B0F6BE32326DBA600DEDFB1 /* Resources */ = {
			isa = PBXResourcesBuildPhase;
			buildActionMask = 2147483647;
			files = (
				1B0F6BF32326DBA700DEDFB1 /* LaunchScreen.storyboard in Resources */,
				1B0F6BF02326DBA700DEDFB1 /* Assets.xcassets in Resources */,
				1B0F6BEE2326DBA600DEDFB1 /* Main.storyboard in Resources */,
			);
			runOnlyForDeploymentPostprocessing = 0;
		};
		1B0F6BF72326DBA700DEDFB1 /* Resources */ = {
			isa = PBXResourcesBuildPhase;
			buildActionMask = 2147483647;
			files = (
			);
			runOnlyForDeploymentPostprocessing = 0;
		};
/* End PBXResourcesBuildPhase section */

/* Begin PBXShellScriptBuildPhase section */
		9FB44ECB7079B1B30446EC6A /* [CP] Embed Pods Frameworks */ = {
			isa = PBXShellScriptBuildPhase;
			buildActionMask = 2147483647;
			files = (
			);
			inputFileListPaths = (
				"${PODS_ROOT}/Target Support Files/Pods-root-drive-science-ios/Pods-root-drive-science-ios-frameworks-${CONFIGURATION}-input-files.xcfilelist",
			);
			name = "[CP] Embed Pods Frameworks";
			outputFileListPaths = (
				"${PODS_ROOT}/Target Support Files/Pods-root-drive-science-ios/Pods-root-drive-science-ios-frameworks-${CONFIGURATION}-output-files.xcfilelist",
			);
			runOnlyForDeploymentPostprocessing = 0;
			shellPath = /bin/sh;
			shellScript = "\"${PODS_ROOT}/Target Support Files/Pods-root-drive-science-ios/Pods-root-drive-science-ios-frameworks.sh\"\n";
			showEnvVarsInLog = 0;
		};
		C65500084A2974E59C6A74C9 /* [CP] Check Pods Manifest.lock */ = {
			isa = PBXShellScriptBuildPhase;
			buildActionMask = 2147483647;
			files = (
			);
			inputFileListPaths = (
			);
			inputPaths = (
				"${PODS_PODFILE_DIR_PATH}/Podfile.lock",
				"${PODS_ROOT}/Manifest.lock",
			);
			name = "[CP] Check Pods Manifest.lock";
			outputFileListPaths = (
			);
			outputPaths = (
				"$(DERIVED_FILE_DIR)/Pods-root-drive-science-ios-checkManifestLockResult.txt",
			);
			runOnlyForDeploymentPostprocessing = 0;
			shellPath = /bin/sh;
			shellScript = "diff \"${PODS_PODFILE_DIR_PATH}/Podfile.lock\" \"${PODS_ROOT}/Manifest.lock\" > /dev/null\nif [ $? != 0 ] ; then\n    # print error to STDERR\n    echo \"error: The sandbox is not in sync with the Podfile.lock. Run 'pod install' or update your CocoaPods installation.\" >&2\n    exit 1\nfi\n# This output is used by Xcode 'outputs' to avoid re-running this script phase.\necho \"SUCCESS\" > \"${SCRIPT_OUTPUT_FILE_0}\"\n";
			showEnvVarsInLog = 0;
		};
		EBB272537741F40954B84BCE /* [CP] Check Pods Manifest.lock */ = {
			isa = PBXShellScriptBuildPhase;
			buildActionMask = 2147483647;
			files = (
			);
			inputFileListPaths = (
			);
			inputPaths = (
				"${PODS_PODFILE_DIR_PATH}/Podfile.lock",
				"${PODS_ROOT}/Manifest.lock",
			);
			name = "[CP] Check Pods Manifest.lock";
			outputFileListPaths = (
			);
			outputPaths = (
				"$(DERIVED_FILE_DIR)/Pods-root-drive-science-iosTests-checkManifestLockResult.txt",
			);
			runOnlyForDeploymentPostprocessing = 0;
			shellPath = /bin/sh;
			shellScript = "diff \"${PODS_PODFILE_DIR_PATH}/Podfile.lock\" \"${PODS_ROOT}/Manifest.lock\" > /dev/null\nif [ $? != 0 ] ; then\n    # print error to STDERR\n    echo \"error: The sandbox is not in sync with the Podfile.lock. Run 'pod install' or update your CocoaPods installation.\" >&2\n    exit 1\nfi\n# This output is used by Xcode 'outputs' to avoid re-running this script phase.\necho \"SUCCESS\" > \"${SCRIPT_OUTPUT_FILE_0}\"\n";
			showEnvVarsInLog = 0;
		};
/* End PBXShellScriptBuildPhase section */

/* Begin PBXSourcesBuildPhase section */
		1B0F6BE12326DBA600DEDFB1 /* Sources */ = {
			isa = PBXSourcesBuildPhase;
			buildActionMask = 2147483647;
			files = (
				B4279CDD251CF86D0053A7FA /* LogMessages.xcdatamodeld in Sources */,
				5A7988D024102ECB00584C3B /* AppDelegate.swift in Sources */,
				B43CD194251D46C00069C271 /* LogMessage+CoreDataClass.swift in Sources */,
				1B0F6BEB2326DBA600DEDFB1 /* ViewController.swift in Sources */,
				48C32E1023E87F2500D68F88 /* ViewController+TripTrackerDelegates.swift in Sources */,
				5AE34A9123391AAD00230546 /* notification_name_extensions.swift in Sources */,
				4876AA09243BC80800FD5391 /* UILabel+Copy.swift in Sources */,
				5AC3BE7C233CFB6C0006AFC5 /* UserStore.xcdatamodeld in Sources */,
				B43CD195251D46C00069C271 /* LogMessage+CoreDataProperties.swift in Sources */,
				4876AA0C243CD7EA00FD5391 /* DriverStatusField.swift in Sources */,
				5AC3BE7E233D05440006AFC5 /* TelematicsManager.swift in Sources */,
			);
			runOnlyForDeploymentPostprocessing = 0;
		};
		1B0F6BF52326DBA700DEDFB1 /* Sources */ = {
			isa = PBXSourcesBuildPhase;
			buildActionMask = 2147483647;
			files = (
				1B0F6BFE2326DBA700DEDFB1 /* root_drive_science_iosTests.swift in Sources */,
				4876AA0D243CD7EA00FD5391 /* DriverStatusField.swift in Sources */,
				4876AA0A243BC80800FD5391 /* UILabel+Copy.swift in Sources */,
			);
			runOnlyForDeploymentPostprocessing = 0;
		};
/* End PBXSourcesBuildPhase section */

/* Begin PBXTargetDependency section */
		1B0F6BFB2326DBA700DEDFB1 /* PBXTargetDependency */ = {
			isa = PBXTargetDependency;
			target = 1B0F6BE42326DBA600DEDFB1 /* root-drive-science-ios */;
			targetProxy = 1B0F6BFA2326DBA700DEDFB1 /* PBXContainerItemProxy */;
		};
/* End PBXTargetDependency section */

/* Begin PBXVariantGroup section */
		1B0F6BEC2326DBA600DEDFB1 /* Main.storyboard */ = {
			isa = PBXVariantGroup;
			children = (
				1B0F6BED2326DBA600DEDFB1 /* Base */,
			);
			name = Main.storyboard;
			path = .;
			sourceTree = "<group>";
		};
		1B0F6BF12326DBA700DEDFB1 /* LaunchScreen.storyboard */ = {
			isa = PBXVariantGroup;
			children = (
				1B0F6BF22326DBA700DEDFB1 /* Base */,
			);
			name = LaunchScreen.storyboard;
			path = .;
			sourceTree = "<group>";
		};
/* End PBXVariantGroup section */

/* Begin XCBuildConfiguration section */
		1B0F6C002326DBA700DEDFB1 /* Debug */ = {
			isa = XCBuildConfiguration;
			buildSettings = {
				ALWAYS_SEARCH_USER_PATHS = NO;
				CLANG_ANALYZER_NONNULL = YES;
				CLANG_ANALYZER_NUMBER_OBJECT_CONVERSION = YES_AGGRESSIVE;
				CLANG_CXX_LANGUAGE_STANDARD = "gnu++14";
				CLANG_CXX_LIBRARY = "libc++";
				CLANG_ENABLE_MODULES = YES;
				CLANG_ENABLE_OBJC_ARC = YES;
				CLANG_ENABLE_OBJC_WEAK = YES;
				CLANG_WARN_BLOCK_CAPTURE_AUTORELEASING = YES;
				CLANG_WARN_BOOL_CONVERSION = YES;
				CLANG_WARN_COMMA = YES;
				CLANG_WARN_CONSTANT_CONVERSION = YES;
				CLANG_WARN_DEPRECATED_OBJC_IMPLEMENTATIONS = YES;
				CLANG_WARN_DIRECT_OBJC_ISA_USAGE = YES_ERROR;
				CLANG_WARN_DOCUMENTATION_COMMENTS = YES;
				CLANG_WARN_EMPTY_BODY = YES;
				CLANG_WARN_ENUM_CONVERSION = YES;
				CLANG_WARN_INFINITE_RECURSION = YES;
				CLANG_WARN_INT_CONVERSION = YES;
				CLANG_WARN_NON_LITERAL_NULL_CONVERSION = YES;
				CLANG_WARN_OBJC_IMPLICIT_RETAIN_SELF = YES;
				CLANG_WARN_OBJC_LITERAL_CONVERSION = YES;
				CLANG_WARN_OBJC_ROOT_CLASS = YES_ERROR;
				CLANG_WARN_RANGE_LOOP_ANALYSIS = YES;
				CLANG_WARN_STRICT_PROTOTYPES = YES;
				CLANG_WARN_SUSPICIOUS_MOVE = YES;
				CLANG_WARN_UNGUARDED_AVAILABILITY = YES_AGGRESSIVE;
				CLANG_WARN_UNREACHABLE_CODE = YES;
				CLANG_WARN__DUPLICATE_METHOD_MATCH = YES;
				CODE_SIGN_IDENTITY = "iPhone Developer";
				COPY_PHASE_STRIP = NO;
				DEBUG_INFORMATION_FORMAT = dwarf;
				ENABLE_STRICT_OBJC_MSGSEND = YES;
				ENABLE_TESTABILITY = YES;
				GCC_C_LANGUAGE_STANDARD = gnu11;
				GCC_DYNAMIC_NO_PIC = NO;
				GCC_NO_COMMON_BLOCKS = YES;
				GCC_OPTIMIZATION_LEVEL = 0;
				GCC_PREPROCESSOR_DEFINITIONS = (
					"DEBUG=1",
					"$(inherited)",
				);
				GCC_WARN_64_TO_32_BIT_CONVERSION = YES;
				GCC_WARN_ABOUT_RETURN_TYPE = YES_ERROR;
				GCC_WARN_UNDECLARED_SELECTOR = YES;
				GCC_WARN_UNINITIALIZED_AUTOS = YES_AGGRESSIVE;
				GCC_WARN_UNUSED_FUNCTION = YES;
				GCC_WARN_UNUSED_VARIABLE = YES;
				IPHONEOS_DEPLOYMENT_TARGET = 12.4;
				MTL_ENABLE_DEBUG_INFO = INCLUDE_SOURCE;
				MTL_FAST_MATH = YES;
				ONLY_ACTIVE_ARCH = YES;
				SDKROOT = iphoneos;
				SWIFT_ACTIVE_COMPILATION_CONDITIONS = DEBUG;
				SWIFT_OPTIMIZATION_LEVEL = "-Onone";
			};
			name = Debug;
		};
		1B0F6C012326DBA700DEDFB1 /* Release */ = {
			isa = XCBuildConfiguration;
			buildSettings = {
				ALWAYS_SEARCH_USER_PATHS = NO;
				CLANG_ANALYZER_NONNULL = YES;
				CLANG_ANALYZER_NUMBER_OBJECT_CONVERSION = YES_AGGRESSIVE;
				CLANG_CXX_LANGUAGE_STANDARD = "gnu++14";
				CLANG_CXX_LIBRARY = "libc++";
				CLANG_ENABLE_MODULES = YES;
				CLANG_ENABLE_OBJC_ARC = YES;
				CLANG_ENABLE_OBJC_WEAK = YES;
				CLANG_WARN_BLOCK_CAPTURE_AUTORELEASING = YES;
				CLANG_WARN_BOOL_CONVERSION = YES;
				CLANG_WARN_COMMA = YES;
				CLANG_WARN_CONSTANT_CONVERSION = YES;
				CLANG_WARN_DEPRECATED_OBJC_IMPLEMENTATIONS = YES;
				CLANG_WARN_DIRECT_OBJC_ISA_USAGE = YES_ERROR;
				CLANG_WARN_DOCUMENTATION_COMMENTS = YES;
				CLANG_WARN_EMPTY_BODY = YES;
				CLANG_WARN_ENUM_CONVERSION = YES;
				CLANG_WARN_INFINITE_RECURSION = YES;
				CLANG_WARN_INT_CONVERSION = YES;
				CLANG_WARN_NON_LITERAL_NULL_CONVERSION = YES;
				CLANG_WARN_OBJC_IMPLICIT_RETAIN_SELF = YES;
				CLANG_WARN_OBJC_LITERAL_CONVERSION = YES;
				CLANG_WARN_OBJC_ROOT_CLASS = YES_ERROR;
				CLANG_WARN_RANGE_LOOP_ANALYSIS = YES;
				CLANG_WARN_STRICT_PROTOTYPES = YES;
				CLANG_WARN_SUSPICIOUS_MOVE = YES;
				CLANG_WARN_UNGUARDED_AVAILABILITY = YES_AGGRESSIVE;
				CLANG_WARN_UNREACHABLE_CODE = YES;
				CLANG_WARN__DUPLICATE_METHOD_MATCH = YES;
				CODE_SIGN_IDENTITY = "iPhone Developer";
				COPY_PHASE_STRIP = NO;
				DEBUG_INFORMATION_FORMAT = "dwarf-with-dsym";
				ENABLE_NS_ASSERTIONS = NO;
				ENABLE_STRICT_OBJC_MSGSEND = YES;
				GCC_C_LANGUAGE_STANDARD = gnu11;
				GCC_NO_COMMON_BLOCKS = YES;
				GCC_WARN_64_TO_32_BIT_CONVERSION = YES;
				GCC_WARN_ABOUT_RETURN_TYPE = YES_ERROR;
				GCC_WARN_UNDECLARED_SELECTOR = YES;
				GCC_WARN_UNINITIALIZED_AUTOS = YES_AGGRESSIVE;
				GCC_WARN_UNUSED_FUNCTION = YES;
				GCC_WARN_UNUSED_VARIABLE = YES;
				IPHONEOS_DEPLOYMENT_TARGET = 12.4;
				MTL_ENABLE_DEBUG_INFO = NO;
				MTL_FAST_MATH = YES;
				SDKROOT = iphoneos;
				SWIFT_COMPILATION_MODE = wholemodule;
				SWIFT_OPTIMIZATION_LEVEL = "-O";
				VALIDATE_PRODUCT = YES;
			};
			name = Release;
		};
		1B0F6C032326DBA700DEDFB1 /* Debug */ = {
			isa = XCBuildConfiguration;
			baseConfigurationReference = 87ACD7BAE6C476EBE50131A8 /* Pods-root-drive-science-ios.debug.xcconfig */;
			buildSettings = {
				ASSETCATALOG_COMPILER_APPICON_NAME = AppIcon;
				CODE_SIGN_STYLE = Automatic;
				DEVELOPMENT_TEAM = Z22DE9QC77;
				INFOPLIST_FILE = "root-drive-science-ios/Info.plist";
				IPHONEOS_DEPLOYMENT_TARGET = 12.0;
				LD_RUNPATH_SEARCH_PATHS = (
					"$(inherited)",
					"@executable_path/Frameworks",
				);
				PRODUCT_BUNDLE_IDENTIFIER = "com.joinroot.root-drive-science-ios";
				PRODUCT_NAME = "$(TARGET_NAME)";
				SWIFT_VERSION = 4.2;
				TARGETED_DEVICE_FAMILY = "1,2";
			};
			name = Debug;
		};
		1B0F6C042326DBA700DEDFB1 /* Release */ = {
			isa = XCBuildConfiguration;
			baseConfigurationReference = 2D5656562E20A94CA12FA1F9 /* Pods-root-drive-science-ios.release.xcconfig */;
			buildSettings = {
				ASSETCATALOG_COMPILER_APPICON_NAME = AppIcon;
				CODE_SIGN_STYLE = Automatic;
				DEVELOPMENT_TEAM = Z22DE9QC77;
				INFOPLIST_FILE = "root-drive-science-ios/Info.plist";
				IPHONEOS_DEPLOYMENT_TARGET = 12.0;
				LD_RUNPATH_SEARCH_PATHS = (
					"$(inherited)",
					"@executable_path/Frameworks",
				);
				PRODUCT_BUNDLE_IDENTIFIER = "com.joinroot.root-drive-science-ios";
				PRODUCT_NAME = "$(TARGET_NAME)";
				SWIFT_VERSION = 4.2;
				TARGETED_DEVICE_FAMILY = "1,2";
			};
			name = Release;
		};
		1B0F6C062326DBA700DEDFB1 /* Debug */ = {
			isa = XCBuildConfiguration;
			baseConfigurationReference = 416EC7BA96A435F14861A246 /* Pods-root-drive-science-iosTests.debug.xcconfig */;
			buildSettings = {
				ALWAYS_EMBED_SWIFT_STANDARD_LIBRARIES = YES;
				BUNDLE_LOADER = "$(TEST_HOST)";
				CODE_SIGN_STYLE = Automatic;
				DEVELOPMENT_TEAM = Z22DE9QC77;
				INFOPLIST_FILE = "root-drive-science-iosTests/Info.plist";
				LD_RUNPATH_SEARCH_PATHS = (
					"$(inherited)",
					"@executable_path/Frameworks",
					"@loader_path/Frameworks",
				);
				PRODUCT_BUNDLE_IDENTIFIER = "com.joinroot.root-drive-science-iosTests";
				PRODUCT_NAME = "$(TARGET_NAME)";
				SWIFT_VERSION = 5.0;
				TARGETED_DEVICE_FAMILY = "1,2";
				TEST_HOST = "$(BUILT_PRODUCTS_DIR)/root-drive-science-ios.app/root-drive-science-ios";
			};
			name = Debug;
		};
		1B0F6C072326DBA700DEDFB1 /* Release */ = {
			isa = XCBuildConfiguration;
			baseConfigurationReference = 13B2E9B44773E33E97E708BF /* Pods-root-drive-science-iosTests.release.xcconfig */;
			buildSettings = {
				ALWAYS_EMBED_SWIFT_STANDARD_LIBRARIES = YES;
				BUNDLE_LOADER = "$(TEST_HOST)";
				CODE_SIGN_STYLE = Automatic;
				DEVELOPMENT_TEAM = Z22DE9QC77;
				INFOPLIST_FILE = "root-drive-science-iosTests/Info.plist";
				LD_RUNPATH_SEARCH_PATHS = (
					"$(inherited)",
					"@executable_path/Frameworks",
					"@loader_path/Frameworks",
				);
				PRODUCT_BUNDLE_IDENTIFIER = "com.joinroot.root-drive-science-iosTests";
				PRODUCT_NAME = "$(TARGET_NAME)";
				SWIFT_VERSION = 5.0;
				TARGETED_DEVICE_FAMILY = "1,2";
				TEST_HOST = "$(BUILT_PRODUCTS_DIR)/root-drive-science-ios.app/root-drive-science-ios";
			};
			name = Release;
		};
/* End XCBuildConfiguration section */

/* Begin XCConfigurationList section */
		1B0F6BE02326DBA600DEDFB1 /* Build configuration list for PBXProject "root-drive-science-ios" */ = {
			isa = XCConfigurationList;
			buildConfigurations = (
				1B0F6C002326DBA700DEDFB1 /* Debug */,
				1B0F6C012326DBA700DEDFB1 /* Release */,
			);
			defaultConfigurationIsVisible = 0;
			defaultConfigurationName = Release;
		};
		1B0F6C022326DBA700DEDFB1 /* Build configuration list for PBXNativeTarget "root-drive-science-ios" */ = {
			isa = XCConfigurationList;
			buildConfigurations = (
				1B0F6C032326DBA700DEDFB1 /* Debug */,
				1B0F6C042326DBA700DEDFB1 /* Release */,
			);
			defaultConfigurationIsVisible = 0;
			defaultConfigurationName = Release;
		};
		1B0F6C052326DBA700DEDFB1 /* Build configuration list for PBXNativeTarget "root-drive-science-iosTests" */ = {
			isa = XCConfigurationList;
			buildConfigurations = (
				1B0F6C062326DBA700DEDFB1 /* Debug */,
				1B0F6C072326DBA700DEDFB1 /* Release */,
			);
			defaultConfigurationIsVisible = 0;
			defaultConfigurationName = Release;
		};
/* End XCConfigurationList section */

/* Begin XCVersionGroup section */
		5AC3BE7A233CFB6C0006AFC5 /* UserStore.xcdatamodeld */ = {
			isa = XCVersionGroup;
			children = (
				5A2C667B2344F585002C8CFF /* UserStore 2.xcdatamodel */,
				5AC3BE7B233CFB6C0006AFC5 /* UserStore.xcdatamodel */,
			);
			currentVersion = 5A2C667B2344F585002C8CFF /* UserStore 2.xcdatamodel */;
			path = UserStore.xcdatamodeld;
			sourceTree = "<group>";
			versionGroupType = wrapper.xcdatamodel;
		};
		B4279CDB251CF86D0053A7FA /* LogMessages.xcdatamodeld */ = {
			isa = XCVersionGroup;
			children = (
				B4279CDC251CF86D0053A7FA /* LogMessages.xcdatamodel */,
			);
			currentVersion = B4279CDC251CF86D0053A7FA /* LogMessages.xcdatamodel */;
			path = LogMessages.xcdatamodeld;
			sourceTree = "<group>";
			versionGroupType = wrapper.xcdatamodel;
		};
/* End XCVersionGroup section */
	};
	rootObject = 1B0F6BDD2326DBA600DEDFB1 /* Project object */;
}
